
Microsoft Visual Studio Solution File, Format Version 12.00
# Visual Studio Version 17
VisualStudioVersion = 17.7.34024.191
MinimumVisualStudioVersion = 10.0.40219.1
Project("{9A19103F-16F7-4668-BE54-9A1E7A4F7556}") = "Accessories_PC_Nik.Api", "Accessories_PC_Nik.Api\Accessories_PC_Nik.Api.csproj", "{FE3C7DF1-B8F6-44F0-9397-C46FCCD0E33E}"
EndProject
Project("{9A19103F-16F7-4668-BE54-9A1E7A4F7556}") = "Accessories_PC_Nik.Context", "Accessories_PC_Nik.Context\Accessories_PC_Nik.Context.csproj", "{8AC1F6CA-DBE2-4E85-87C8-FC98A1E8ABCD}"
EndProject
Project("{9A19103F-16F7-4668-BE54-9A1E7A4F7556}") = "Accessories_PC_Nik.Context.Contracts", "Accessories_PC_Nik.Context.Contracts\Accessories_PC_Nik.Context.Contracts.csproj", "{BDDF7E3C-A8DB-4EED-825C-F8801E5C04E4}"
EndProject
Project("{9A19103F-16F7-4668-BE54-9A1E7A4F7556}") = "Accessories_PC_Nik.Repositories", "Accessories_PC_Nik.Repositories\Accessories_PC_Nik.Repositories.csproj", "{027B8296-EF45-483F-99C5-9AA0F56D1B25}"
EndProject
Project("{9A19103F-16F7-4668-BE54-9A1E7A4F7556}") = "Accessories_PC_Nik.Repositories.Contracts", "Accessories_PC_Nik.Repositories.Contracts\Accessories_PC_Nik.Repositories.Contracts.csproj", "{154D562E-E3B6-4CEA-9866-E6E610A1B60B}"
EndProject
Project("{9A19103F-16F7-4668-BE54-9A1E7A4F7556}") = "Accessories_PC_Nik.Services", "Accessories_PC_Nik.Services\Accessories_PC_Nik.Services.csproj", "{42744FC7-2F31-4093-B4BE-C2F581ECB797}"
EndProject
Project("{9A19103F-16F7-4668-BE54-9A1E7A4F7556}") = "Accessories_PC_Nik.Services.Contracts", "Accessories_PC_Nik.Services.Contracts\Accessories_PC_Nik.Services.Contracts.csproj", "{DDEE71D6-BB70-4657-9193-B0C09F39B321}"
EndProject
Project("{9A19103F-16F7-4668-BE54-9A1E7A4F7556}") = "Accessories_PC_Nik.Common", "Accessories_PC_Nik.Common\Accessories_PC_Nik.Common.csproj", "{BD6838EF-55C9-4E10-8E80-4C9CA940D91C}"
EndProject
Project("{9A19103F-16F7-4668-BE54-9A1E7A4F7556}") = "Accessories_PC_Nik.Shared", "Accessories_PC_Nik.Shared\Accessories_PC_Nik.Shared.csproj", "{0812F7A6-D4CE-4E08-9D8C-77D65AEEE922}"
EndProject
Project("{9A19103F-16F7-4668-BE54-9A1E7A4F7556}") = "Accessories_PC_Nik.Context.Configuration", "Accessories_PC_Nik.Context.Configuration\Accessories_PC_Nik.Context.Configuration.csproj", "{1D78D508-26E6-4C7E-A49B-702AB7A24F83}"
EndProject
Project("{9A19103F-16F7-4668-BE54-9A1E7A4F7556}") = "Accessories_PC_Nik.Common.Entity", "Accessories_PC_Nik.Common.Entity\Accessories_PC_Nik.Common.Entity.csproj", "{2EDD5DC4-3622-401A-97FE-2E1A067C325E}"
EndProject
Project("{9A19103F-16F7-4668-BE54-9A1E7A4F7556}") = "Accessories_PC_Nik.Context.Tests", "Accessories_PC_Nik.Context.Tests\Accessories_PC_Nik.Context.Tests.csproj", "{ECDE5EFE-3937-4215-8804-FCB31E9ED133}"
EndProject
Project("{9A19103F-16F7-4668-BE54-9A1E7A4F7556}") = "Accessories_PC_Nik.Repositories.Tests", "Accessories_PC_Nik.Repositories.Tests\Accessories_PC_Nik.Repositories.Tests.csproj", "{BF933639-FF8B-436A-8615-D99E68EF992C}"
EndProject
Project("{9A19103F-16F7-4668-BE54-9A1E7A4F7556}") = "Accessories_PC_Nik.Services.Tests", "Accessories_PC_Nik.Services.Tests\Accessories_PC_Nik.Services.Tests.csproj", "{058C3611-74C9-4ED6-B118-63B3D15D4F32}"
EndProject
Project("{FAE04EC0-301F-11D3-BF4B-00C04F79EFBC}") = "Accessories_PC_Nik.Api.Tests", "Accessories_PC_Nik.Api.Tests\Accessories_PC_Nik.Api.Tests.csproj", "{FD781597-A269-4ADE-82A5-7BDA4A4A66B0}"
EndProject
Global
	GlobalSection(SolutionConfigurationPlatforms) = preSolution
		Debug|Any CPU = Debug|Any CPU
		Release|Any CPU = Release|Any CPU
	EndGlobalSection
	GlobalSection(ProjectConfigurationPlatforms) = postSolution
		{FE3C7DF1-B8F6-44F0-9397-C46FCCD0E33E}.Debug|Any CPU.ActiveCfg = Debug|Any CPU
		{FE3C7DF1-B8F6-44F0-9397-C46FCCD0E33E}.Debug|Any CPU.Build.0 = Debug|Any CPU
		{FE3C7DF1-B8F6-44F0-9397-C46FCCD0E33E}.Release|Any CPU.ActiveCfg = Release|Any CPU
		{FE3C7DF1-B8F6-44F0-9397-C46FCCD0E33E}.Release|Any CPU.Build.0 = Release|Any CPU
		{8AC1F6CA-DBE2-4E85-87C8-FC98A1E8ABCD}.Debug|Any CPU.ActiveCfg = Debug|Any CPU
		{8AC1F6CA-DBE2-4E85-87C8-FC98A1E8ABCD}.Debug|Any CPU.Build.0 = Debug|Any CPU
		{8AC1F6CA-DBE2-4E85-87C8-FC98A1E8ABCD}.Release|Any CPU.ActiveCfg = Release|Any CPU
		{8AC1F6CA-DBE2-4E85-87C8-FC98A1E8ABCD}.Release|Any CPU.Build.0 = Release|Any CPU
		{BDDF7E3C-A8DB-4EED-825C-F8801E5C04E4}.Debug|Any CPU.ActiveCfg = Debug|Any CPU
		{BDDF7E3C-A8DB-4EED-825C-F8801E5C04E4}.Debug|Any CPU.Build.0 = Debug|Any CPU
		{BDDF7E3C-A8DB-4EED-825C-F8801E5C04E4}.Release|Any CPU.ActiveCfg = Release|Any CPU
		{BDDF7E3C-A8DB-4EED-825C-F8801E5C04E4}.Release|Any CPU.Build.0 = Release|Any CPU
		{027B8296-EF45-483F-99C5-9AA0F56D1B25}.Debug|Any CPU.ActiveCfg = Debug|Any CPU
		{027B8296-EF45-483F-99C5-9AA0F56D1B25}.Debug|Any CPU.Build.0 = Debug|Any CPU
		{027B8296-EF45-483F-99C5-9AA0F56D1B25}.Release|Any CPU.ActiveCfg = Release|Any CPU
		{027B8296-EF45-483F-99C5-9AA0F56D1B25}.Release|Any CPU.Build.0 = Release|Any CPU
		{154D562E-E3B6-4CEA-9866-E6E610A1B60B}.Debug|Any CPU.ActiveCfg = Debug|Any CPU
		{154D562E-E3B6-4CEA-9866-E6E610A1B60B}.Debug|Any CPU.Build.0 = Debug|Any CPU
		{154D562E-E3B6-4CEA-9866-E6E610A1B60B}.Release|Any CPU.ActiveCfg = Release|Any CPU
		{154D562E-E3B6-4CEA-9866-E6E610A1B60B}.Release|Any CPU.Build.0 = Release|Any CPU
		{42744FC7-2F31-4093-B4BE-C2F581ECB797}.Debug|Any CPU.ActiveCfg = Debug|Any CPU
		{42744FC7-2F31-4093-B4BE-C2F581ECB797}.Debug|Any CPU.Build.0 = Debug|Any CPU
		{42744FC7-2F31-4093-B4BE-C2F581ECB797}.Release|Any CPU.ActiveCfg = Release|Any CPU
		{42744FC7-2F31-4093-B4BE-C2F581ECB797}.Release|Any CPU.Build.0 = Release|Any CPU
		{DDEE71D6-BB70-4657-9193-B0C09F39B321}.Debug|Any CPU.ActiveCfg = Debug|Any CPU
		{DDEE71D6-BB70-4657-9193-B0C09F39B321}.Debug|Any CPU.Build.0 = Debug|Any CPU
		{DDEE71D6-BB70-4657-9193-B0C09F39B321}.Release|Any CPU.ActiveCfg = Release|Any CPU
		{DDEE71D6-BB70-4657-9193-B0C09F39B321}.Release|Any CPU.Build.0 = Release|Any CPU
		{BD6838EF-55C9-4E10-8E80-4C9CA940D91C}.Debug|Any CPU.ActiveCfg = Debug|Any CPU
		{BD6838EF-55C9-4E10-8E80-4C9CA940D91C}.Debug|Any CPU.Build.0 = Debug|Any CPU
		{BD6838EF-55C9-4E10-8E80-4C9CA940D91C}.Release|Any CPU.ActiveCfg = Release|Any CPU
		{BD6838EF-55C9-4E10-8E80-4C9CA940D91C}.Release|Any CPU.Build.0 = Release|Any CPU
		{0812F7A6-D4CE-4E08-9D8C-77D65AEEE922}.Debug|Any CPU.ActiveCfg = Debug|Any CPU
		{0812F7A6-D4CE-4E08-9D8C-77D65AEEE922}.Debug|Any CPU.Build.0 = Debug|Any CPU
		{0812F7A6-D4CE-4E08-9D8C-77D65AEEE922}.Release|Any CPU.ActiveCfg = Release|Any CPU
		{0812F7A6-D4CE-4E08-9D8C-77D65AEEE922}.Release|Any CPU.Build.0 = Release|Any CPU
		{1D78D508-26E6-4C7E-A49B-702AB7A24F83}.Debug|Any CPU.ActiveCfg = Debug|Any CPU
		{1D78D508-26E6-4C7E-A49B-702AB7A24F83}.Debug|Any CPU.Build.0 = Debug|Any CPU
		{1D78D508-26E6-4C7E-A49B-702AB7A24F83}.Release|Any CPU.ActiveCfg = Release|Any CPU
		{1D78D508-26E6-4C7E-A49B-702AB7A24F83}.Release|Any CPU.Build.0 = Release|Any CPU
		{2EDD5DC4-3622-401A-97FE-2E1A067C325E}.Debug|Any CPU.ActiveCfg = Debug|Any CPU
		{2EDD5DC4-3622-401A-97FE-2E1A067C325E}.Debug|Any CPU.Build.0 = Debug|Any CPU
		{2EDD5DC4-3622-401A-97FE-2E1A067C325E}.Release|Any CPU.ActiveCfg = Release|Any CPU
		{2EDD5DC4-3622-401A-97FE-2E1A067C325E}.Release|Any CPU.Build.0 = Release|Any CPU
		{ECDE5EFE-3937-4215-8804-FCB31E9ED133}.Debug|Any CPU.ActiveCfg = Debug|Any CPU
		{ECDE5EFE-3937-4215-8804-FCB31E9ED133}.Debug|Any CPU.Build.0 = Debug|Any CPU
		{ECDE5EFE-3937-4215-8804-FCB31E9ED133}.Release|Any CPU.ActiveCfg = Release|Any CPU
		{ECDE5EFE-3937-4215-8804-FCB31E9ED133}.Release|Any CPU.Build.0 = Release|Any CPU
		{BF933639-FF8B-436A-8615-D99E68EF992C}.Debug|Any CPU.ActiveCfg = Debug|Any CPU
		{BF933639-FF8B-436A-8615-D99E68EF992C}.Debug|Any CPU.Build.0 = Debug|Any CPU
		{BF933639-FF8B-436A-8615-D99E68EF992C}.Release|Any CPU.ActiveCfg = Release|Any CPU
		{BF933639-FF8B-436A-8615-D99E68EF992C}.Release|Any CPU.Build.0 = Release|Any CPU
		{058C3611-74C9-4ED6-B118-63B3D15D4F32}.Debug|Any CPU.ActiveCfg = Debug|Any CPU
		{058C3611-74C9-4ED6-B118-63B3D15D4F32}.Debug|Any CPU.Build.0 = Debug|Any CPU
		{058C3611-74C9-4ED6-B118-63B3D15D4F32}.Release|Any CPU.ActiveCfg = Release|Any CPU
		{058C3611-74C9-4ED6-B118-63B3D15D4F32}.Release|Any CPU.Build.0 = Release|Any CPU
		{FD781597-A269-4ADE-82A5-7BDA4A4A66B0}.Debug|Any CPU.ActiveCfg = Debug|Any CPU
		{FD781597-A269-4ADE-82A5-7BDA4A4A66B0}.Debug|Any CPU.Build.0 = Debug|Any CPU
		{FD781597-A269-4ADE-82A5-7BDA4A4A66B0}.Release|Any CPU.ActiveCfg = Release|Any CPU
		{FD781597-A269-4ADE-82A5-7BDA4A4A66B0}.Release|Any CPU.Build.0 = Release|Any CPU
	EndGlobalSection
	GlobalSection(SolutionProperties) = preSolution
		HideSolutionNode = FALSE
	EndGlobalSection
	GlobalSection(ExtensibilityGlobals) = postSolution
		SolutionGuid = {FC14D709-9DD9-40B6-B587-1B074A9B49DA}
	EndGlobalSection
EndGlobal
